# This file is automatically @generated by Cargo.
# It is not intended for manual editing.
version = 4

[[package]]
name = "iamspeed"
version = "0.1.0"
dependencies = [
 "radsort",
]

[[package]]
name = "radsort"
version = "0.1.1"
source = "registry+https://github.com/rust-lang/crates.io-index"
checksum = "019b4b213425016d7d84a153c4c73afb0946fbb4840e4eece7ba8848b9d6da22"
